// !$*UTF8*$!
{
	archiveVersion = 1;
	classes = {
	};
	objectVersion = 46;
	objects = {

/* Begin PBXBuildFile section */
		63F7BD4D169138E200EAE9A5 /* 89.jpg in Resources */ = {isa = PBXBuildFile; fileRef = 63F7BD49169138E200EAE9A5 /* 89.jpg */; };
		63F7BD4E169138E200EAE9A5 /* blank-clipboard-icon.jpg in Resources */ = {isa = PBXBuildFile; fileRef = 63F7BD4A169138E200EAE9A5 /* blank-clipboard-icon.jpg */; };
		63F7BD4F169138E200EAE9A5 /* e-prescribe.jpg in Resources */ = {isa = PBXBuildFile; fileRef = 63F7BD4B169138E200EAE9A5 /* e-prescribe.jpg */; };
		63F7BD50169138E200EAE9A5 /* medicine.jpg in Resources */ = {isa = PBXBuildFile; fileRef = 63F7BD4C169138E200EAE9A5 /* medicine.jpg */; };
		63F7BD531691441700EAE9A5 /* patient.jpg in Resources */ = {isa = PBXBuildFile; fileRef = 63F7BD521691441700EAE9A5 /* patient.jpg */; };
		63F7BD8B169A873C00EAE9A5 /* buttons.jpg in Resources */ = {isa = PBXBuildFile; fileRef = 63F7BD89169A873C00EAE9A5 /* buttons.jpg */; };
		63F7BD8C169A873C00EAE9A5 /* register.jpg in Resources */ = {isa = PBXBuildFile; fileRef = 63F7BD8A169A873C00EAE9A5 /* register.jpg */; };
		63F7BD90169A882900EAE9A5 /* locate.jpg in Resources */ = {isa = PBXBuildFile; fileRef = 63F7BD8D169A882900EAE9A5 /* locate.jpg */; };
		63F7BD91169A882900EAE9A5 /* prescription.jpg in Resources */ = {isa = PBXBuildFile; fileRef = 63F7BD8E169A882900EAE9A5 /* prescription.jpg */; };
		63F7BD92169A882900EAE9A5 /* Profile.jpg in Resources */ = {isa = PBXBuildFile; fileRef = 63F7BD8F169A882900EAE9A5 /* Profile.jpg */; };
		63F7BD97169A896B00EAE9A5 /* createProfile.jpg in Resources */ = {isa = PBXBuildFile; fileRef = 63F7BD93169A896B00EAE9A5 /* createProfile.jpg */; };
		63F7BD98169A896B00EAE9A5 /* database.jpg in Resources */ = {isa = PBXBuildFile; fileRef = 63F7BD94169A896B00EAE9A5 /* database.jpg */; };
		63F7BD99169A896B00EAE9A5 /* find.jpg in Resources */ = {isa = PBXBuildFile; fileRef = 63F7BD95169A896B00EAE9A5 /* find.jpg */; };
		63F7BD9A169A896B00EAE9A5 /* makePrescription.jpg in Resources */ = {isa = PBXBuildFile; fileRef = 63F7BD96169A896B00EAE9A5 /* makePrescription.jpg */; };
		63F7BD9E169A89EB00EAE9A5 /* Create.jpg in Resources */ = {isa = PBXBuildFile; fileRef = 63F7BD9B169A89EB00EAE9A5 /* Create.jpg */; };
		63F7BD9F169A89EB00EAE9A5 /* NP.jpg in Resources */ = {isa = PBXBuildFile; fileRef = 63F7BD9C169A89EB00EAE9A5 /* NP.jpg */; };
		63F7BDA0169A89EB00EAE9A5 /* SAPatients.jpg in Resources */ = {isa = PBXBuildFile; fileRef = 63F7BD9D169A89EB00EAE9A5 /* SAPatients.jpg */; };
		63F7BDA3169A89F500EAE9A5 /* SearchBN.jpg in Resources */ = {isa = PBXBuildFile; fileRef = 63F7BDA1169A89F500EAE9A5 /* SearchBN.jpg */; };
		63F7BDA4169A89F500EAE9A5 /* ViewPP.jpg in Resources */ = {isa = PBXBuildFile; fileRef = 63F7BDA2169A89F500EAE9A5 /* ViewPP.jpg */; };
		91DADFDB168E49CB006F027F /* SetPrescription.m in Sources */ = {isa = PBXBuildFile; fileRef = 91DADFDA168E49CB006F027F /* SetPrescription.m */; };
		DB0D180B16A21833006ECCC7 /* Camera.png in Resources */ = {isa = PBXBuildFile; fileRef = DB0D180616A21833006ECCC7 /* Camera.png */; };
		DB0D180C16A21833006ECCC7 /* Clipboard.png in Resources */ = {isa = PBXBuildFile; fileRef = DB0D180716A21833006ECCC7 /* Clipboard.png */; };
		DB0D180D16A21833006ECCC7 /* Cross.png in Resources */ = {isa = PBXBuildFile; fileRef = DB0D180816A21833006ECCC7 /* Cross.png */; };
		DB0D180E16A21833006ECCC7 /* Play.png in Resources */ = {isa = PBXBuildFile; fileRef = DB0D180916A21833006ECCC7 /* Play.png */; };
		DB0D180F16A21833006ECCC7 /* Profile.png in Resources */ = {isa = PBXBuildFile; fileRef = DB0D180A16A21833006ECCC7 /* Profile.png */; };
		DB1C6A571690BA1D00D08169 /* LoginViewController.m in Sources */ = {isa = PBXBuildFile; fileRef = DB1C6A561690BA1D00D08169 /* LoginViewController.m */; };
		DB1C6A671691522300D08169 /* PrescQRViewController.m in Sources */ = {isa = PBXBuildFile; fileRef = DB1C6A661691522300D08169 /* PrescQRViewController.m */; };
		DB1C6A7316916C8B00D08169 /* NewPatientProfileViewController.m in Sources */ = {isa = PBXBuildFile; fileRef = DB1C6A7216916C8B00D08169 /* NewPatientProfileViewController.m */; };
		DB28820116A45F4A00079D12 /* PSLogo114x114.png in Resources */ = {isa = PBXBuildFile; fileRef = DB28820016A45F4A00079D12 /* PSLogo114x114.png */; };
		DB373E2D1698F189005EF12B /* AVFoundation.framework in Frameworks */ = {isa = PBXBuildFile; fileRef = DB373E2C1698F189005EF12B /* AVFoundation.framework */; };
		DB373E2F1698F191005EF12B /* ImageIO.framework in Frameworks */ = {isa = PBXBuildFile; fileRef = DB373E2E1698F191005EF12B /* ImageIO.framework */; };
		DB373E311698F198005EF12B /* CoreVideo.framework in Frameworks */ = {isa = PBXBuildFile; fileRef = DB373E301698F197005EF12B /* CoreVideo.framework */; };
		DB448673168CE988002BEBF7 /* PrescViewController.m in Sources */ = {isa = PBXBuildFile; fileRef = DB448672168CE988002BEBF7 /* PrescViewController.m */; };
		DB448679168CEAEC002BEBF7 /* PrescTableCell.m in Sources */ = {isa = PBXBuildFile; fileRef = DB448678168CEAEC002BEBF7 /* PrescTableCell.m */; };
		DB44867B168CF297002BEBF7 /* PrescTableCell.xib in Resources */ = {isa = PBXBuildFile; fileRef = DB44867A168CF297002BEBF7 /* PrescTableCell.xib */; };
		DB448681168D0D80002BEBF7 /* PrescTable.m in Sources */ = {isa = PBXBuildFile; fileRef = DB448680168D0D80002BEBF7 /* PrescTable.m */; };
		DB534DE5169185C100225DE0 /* UserTableCell.m in Sources */ = {isa = PBXBuildFile; fileRef = DB534DE4169185C100225DE0 /* UserTableCell.m */; };
		DB534DE71691860100225DE0 /* UserTableCell.xib in Resources */ = {isa = PBXBuildFile; fileRef = DB534DE61691860100225DE0 /* UserTableCell.xib */; };
		DB55417F169249BB00B31ADF /* PatListViewController.m in Sources */ = {isa = PBXBuildFile; fileRef = DB55417E169249BB00B31ADF /* PatListViewController.m */; };
		DB65F5A816AA5F4300EB6D19 /* 320x480.png in Resources */ = {isa = PBXBuildFile; fileRef = DB65F5A516AA5F4200EB6D19 /* 320x480.png */; };
		DB65F5A916AA5F4300EB6D19 /* 640x960.png in Resources */ = {isa = PBXBuildFile; fileRef = DB65F5A616AA5F4200EB6D19 /* 640x960.png */; };
		DB65F5AA16AA5F4300EB6D19 /* Launch-logo 640x1136.png in Resources */ = {isa = PBXBuildFile; fileRef = DB65F5A716AA5F4300EB6D19 /* Launch-logo 640x1136.png */; };
		DB65F5B016AA5FB100EB6D19 /* Default-568h@2x.png in Resources */ = {isa = PBXBuildFile; fileRef = DB65F5AF16AA5FB100EB6D19 /* Default-568h@2x.png */; };
		DB65F5B216AA5FC000EB6D19 /* Default@2x.png in Resources */ = {isa = PBXBuildFile; fileRef = DB65F5B116AA5FC000EB6D19 /* Default@2x.png */; };
		DB65F5B416AA5FDC00EB6D19 /* Default.png in Resources */ = {isa = PBXBuildFile; fileRef = DB65F5B316AA5FDC00EB6D19 /* Default.png */; };
		DB67F50E16947A7F009097BD /* facebook-profile-picture.jpg in Resources */ = {isa = PBXBuildFile; fileRef = DB67F50D16947A7F009097BD /* facebook-profile-picture.jpg */; };
		DB67F51216947C2B009097BD /* PatientProfileViewController.m in Sources */ = {isa = PBXBuildFile; fileRef = DB67F51116947C2B009097BD /* PatientProfileViewController.m */; };
		DB67F5151696802E009097BD /* MakePrescriptionViewController.m in Sources */ = {isa = PBXBuildFile; fileRef = DB67F5141696802D009097BD /* MakePrescriptionViewController.m */; };
		DB67F51C1697B97C009097BD /* PharmaHomeViewController.m in Sources */ = {isa = PBXBuildFile; fileRef = DB67F51B1697B97C009097BD /* PharmaHomeViewController.m */; };
		DB67F5201697DA75009097BD /* FindUserViewController.m in Sources */ = {isa = PBXBuildFile; fileRef = DB67F51F1697DA75009097BD /* FindUserViewController.m */; };
		DB710C2C168B89B60029847F /* MapSearchView.m in Sources */ = {isa = PBXBuildFile; fileRef = DB710C2B168B89B60029847F /* MapSearchView.m */; };
		DB710C54168BE4730029847F /* MyAnnotation.m in Sources */ = {isa = PBXBuildFile; fileRef = DB710C53168BE4730029847F /* MyAnnotation.m */; };
		DB710C58168BE5500029847F /* MapViewController.m in Sources */ = {isa = PBXBuildFile; fileRef = DB710C57168BE5500029847F /* MapViewController.m */; };
		DB710C5A168BEB370029847F /* MapKit.framework in Frameworks */ = {isa = PBXBuildFile; fileRef = DB710C59168BEB370029847F /* MapKit.framework */; };
		DB710C68168BF07C0029847F /* GeoLocation.m in Sources */ = {isa = PBXBuildFile; fileRef = DB710C67168BF07C0029847F /* GeoLocation.m */; };
		DB710C6A168BF2210029847F /* CoreLocation.framework in Frameworks */ = {isa = PBXBuildFile; fileRef = DB710C69168BF2210029847F /* CoreLocation.framework */; };
		DB743F16169A97AB004146DD /* libzbar.a in Frameworks */ = {isa = PBXBuildFile; fileRef = DB743F10169A97AB004146DD /* libzbar.a */; };
		DB743F17169A97AB004146DD /* zbar-back.png in Resources */ = {isa = PBXBuildFile; fileRef = DB743F12169A97AB004146DD /* zbar-back.png */; };
		DB743F18169A97AB004146DD /* zbar-help.html in Resources */ = {isa = PBXBuildFile; fileRef = DB743F13169A97AB004146DD /* zbar-help.html */; };
		DB743F19169A97AB004146DD /* zbar-helpicons.png in Resources */ = {isa = PBXBuildFile; fileRef = DB743F14169A97AB004146DD /* zbar-helpicons.png */; };
		DB743F1A169A97AB004146DD /* zbar-samples.png in Resources */ = {isa = PBXBuildFile; fileRef = DB743F15169A97AB004146DD /* zbar-samples.png */; };
		DB743F1C169A9A92004146DD /* QuartzCore.framework in Frameworks */ = {isa = PBXBuildFile; fileRef = DB743F1B169A9A92004146DD /* QuartzCore.framework */; };
		DB743F1E169A9AA3004146DD /* libiconv.dylib in Frameworks */ = {isa = PBXBuildFile; fileRef = DB743F1D169A9AA3004146DD /* libiconv.dylib */; };
		DB743F20169A9AED004146DD /* CoreMedia.framework in Frameworks */ = {isa = PBXBuildFile; fileRef = DB743F1F169A9AED004146DD /* CoreMedia.framework */; };
		DB7501CB169CCC490006A749 /* Drug_Pill.png in Resources */ = {isa = PBXBuildFile; fileRef = DB7501CA169CCC490006A749 /* Drug_Pill.png */; };
		DB7501CF169CD6800006A749 /* RefillsButton.png in Resources */ = {isa = PBXBuildFile; fileRef = DB7501CE169CD6800006A749 /* RefillsButton.png */; };
		DB920413169B5EFF00889D8E /* AudioToolbox.framework in Frameworks */ = {isa = PBXBuildFile; fileRef = DB920412169B5EFF00889D8E /* AudioToolbox.framework */; };
		DB920423169BCFE700889D8E /* PharmaScribe-iOSicon.png in Resources */ = {isa = PBXBuildFile; fileRef = DB920422169BCFE600889D8E /* PharmaScribe-iOSicon.png */; };
		DBD8932716894FE8005C0B87 /* UIKit.framework in Frameworks */ = {isa = PBXBuildFile; fileRef = DBD8932616894FE8005C0B87 /* UIKit.framework */; };
		DBD8932916894FE8005C0B87 /* Foundation.framework in Frameworks */ = {isa = PBXBuildFile; fileRef = DBD8932816894FE8005C0B87 /* Foundation.framework */; };
		DBD8932B16894FE8005C0B87 /* CoreGraphics.framework in Frameworks */ = {isa = PBXBuildFile; fileRef = DBD8932A16894FE8005C0B87 /* CoreGraphics.framework */; };
		DBD8933116894FE8005C0B87 /* InfoPlist.strings in Resources */ = {isa = PBXBuildFile; fileRef = DBD8932F16894FE8005C0B87 /* InfoPlist.strings */; };
		DBD8933316894FE8005C0B87 /* main.m in Sources */ = {isa = PBXBuildFile; fileRef = DBD8933216894FE8005C0B87 /* main.m */; };
		DBD8933716894FE8005C0B87 /* AppDelegate.m in Sources */ = {isa = PBXBuildFile; fileRef = DBD8933616894FE8005C0B87 /* AppDelegate.m */; };
		DBD8933916894FE8005C0B87 /* Default.png in Resources */ = {isa = PBXBuildFile; fileRef = DBD8933816894FE8005C0B87 /* Default.png */; };
		DBD8933B16894FE8005C0B87 /* Default@2x.png in Resources */ = {isa = PBXBuildFile; fileRef = DBD8933A16894FE8005C0B87 /* Default@2x.png */; };
		DBD8933D16894FE8005C0B87 /* Default-568h@2x.png in Resources */ = {isa = PBXBuildFile; fileRef = DBD8933C16894FE8005C0B87 /* Default-568h@2x.png */; };
		DBD8934016894FE8005C0B87 /* MainStoryboard.storyboard in Resources */ = {isa = PBXBuildFile; fileRef = DBD8933E16894FE8005C0B87 /* MainStoryboard.storyboard */; };
		DBD8934316894FE8005C0B87 /* ViewController.m in Sources */ = {isa = PBXBuildFile; fileRef = DBD8934216894FE8005C0B87 /* ViewController.m */; };
		DBD8934B16894FE8005C0B87 /* SenTestingKit.framework in Frameworks */ = {isa = PBXBuildFile; fileRef = DBD8934A16894FE8005C0B87 /* SenTestingKit.framework */; };
		DBD8934C16894FE8005C0B87 /* UIKit.framework in Frameworks */ = {isa = PBXBuildFile; fileRef = DBD8932616894FE8005C0B87 /* UIKit.framework */; };
		DBD8934D16894FE8005C0B87 /* Foundation.framework in Frameworks */ = {isa = PBXBuildFile; fileRef = DBD8932816894FE8005C0B87 /* Foundation.framework */; };
		DBD8935516894FE8005C0B87 /* InfoPlist.strings in Resources */ = {isa = PBXBuildFile; fileRef = DBD8935316894FE8005C0B87 /* InfoPlist.strings */; };
		DBD8935816894FE8005C0B87 /* ProjectZeroTests.m in Sources */ = {isa = PBXBuildFile; fileRef = DBD8935716894FE8005C0B87 /* ProjectZeroTests.m */; };
		DBDC57F3169A29ED0088AC1B /* VerifyViewController.m in Sources */ = {isa = PBXBuildFile; fileRef = DBDC57F2169A29ED0088AC1B /* VerifyViewController.m */; };
		DBFF2C6C168FFBFD0002C403 /* UserVariables.m in Sources */ = {isa = PBXBuildFile; fileRef = DBFF2C6B168FFBFD0002C403 /* UserVariables.m */; };
/* End PBXBuildFile section */

/* Begin PBXContainerItemProxy section */
		DBD8934E16894FE8005C0B87 /* PBXContainerItemProxy */ = {
			isa = PBXContainerItemProxy;
			containerPortal = DBD8931916894FE8005C0B87 /* Project object */;
			proxyType = 1;
			remoteGlobalIDString = DBD8932116894FE8005C0B87;
			remoteInfo = ProjectZero;
		};
/* End PBXContainerItemProxy section */

/* Begin PBXFileReference section */
		63F7BD49169138E200EAE9A5 /* 89.jpg */ = {isa = PBXFileReference; lastKnownFileType = image.jpeg; path = 89.jpg; sourceTree = "<group>"; };
		63F7BD4A169138E200EAE9A5 /* blank-clipboard-icon.jpg */ = {isa = PBXFileReference; lastKnownFileType = image.jpeg; path = "blank-clipboard-icon.jpg"; sourceTree = "<group>"; };
		63F7BD4B169138E200EAE9A5 /* e-prescribe.jpg */ = {isa = PBXFileReference; lastKnownFileType = image.jpeg; path = "e-prescribe.jpg"; sourceTree = "<group>"; };
		63F7BD4C169138E200EAE9A5 /* medicine.jpg */ = {isa = PBXFileReference; lastKnownFileType = image.jpeg; path = medicine.jpg; sourceTree = "<group>"; };
		63F7BD521691441700EAE9A5 /* patient.jpg */ = {isa = PBXFileReference; lastKnownFileType = image.jpeg; path = patient.jpg; sourceTree = "<group>"; };
		63F7BD89169A873C00EAE9A5 /* buttons.jpg */ = {isa = PBXFileReference; lastKnownFileType = image.jpeg; path = buttons.jpg; sourceTree = "<group>"; };
		63F7BD8A169A873C00EAE9A5 /* register.jpg */ = {isa = PBXFileReference; lastKnownFileType = image.jpeg; path = register.jpg; sourceTree = "<group>"; };
		63F7BD8D169A882900EAE9A5 /* locate.jpg */ = {isa = PBXFileReference; lastKnownFileType = image.jpeg; path = locate.jpg; sourceTree = "<group>"; };
		63F7BD8E169A882900EAE9A5 /* prescription.jpg */ = {isa = PBXFileReference; lastKnownFileType = image.jpeg; path = prescription.jpg; sourceTree = "<group>"; };
		63F7BD8F169A882900EAE9A5 /* Profile.jpg */ = {isa = PBXFileReference; lastKnownFileType = image.jpeg; path = Profile.jpg; sourceTree = "<group>"; };
		63F7BD93169A896B00EAE9A5 /* createProfile.jpg */ = {isa = PBXFileReference; lastKnownFileType = image.jpeg; path = createProfile.jpg; sourceTree = "<group>"; };
		63F7BD94169A896B00EAE9A5 /* database.jpg */ = {isa = PBXFileReference; lastKnownFileType = image.jpeg; path = database.jpg; sourceTree = "<group>"; };
		63F7BD95169A896B00EAE9A5 /* find.jpg */ = {isa = PBXFileReference; lastKnownFileType = image.jpeg; path = find.jpg; sourceTree = "<group>"; };
		63F7BD96169A896B00EAE9A5 /* makePrescription.jpg */ = {isa = PBXFileReference; lastKnownFileType = image.jpeg; path = makePrescription.jpg; sourceTree = "<group>"; };
		63F7BD9B169A89EB00EAE9A5 /* Create.jpg */ = {isa = PBXFileReference; lastKnownFileType = image.jpeg; path = Create.jpg; sourceTree = "<group>"; };
		63F7BD9C169A89EB00EAE9A5 /* NP.jpg */ = {isa = PBXFileReference; lastKnownFileType = image.jpeg; path = NP.jpg; sourceTree = "<group>"; };
		63F7BD9D169A89EB00EAE9A5 /* SAPatients.jpg */ = {isa = PBXFileReference; lastKnownFileType = image.jpeg; path = SAPatients.jpg; sourceTree = "<group>"; };
		63F7BDA1169A89F500EAE9A5 /* SearchBN.jpg */ = {isa = PBXFileReference; lastKnownFileType = image.jpeg; path = SearchBN.jpg; sourceTree = "<group>"; };
		63F7BDA2169A89F500EAE9A5 /* ViewPP.jpg */ = {isa = PBXFileReference; lastKnownFileType = image.jpeg; path = ViewPP.jpg; sourceTree = "<group>"; };
		91DADFD9168E49CB006F027F /* SetPrescription.h */ = {isa = PBXFileReference; fileEncoding = 4; lastKnownFileType = sourcecode.c.h; path = SetPrescription.h; sourceTree = "<group>"; };
		91DADFDA168E49CB006F027F /* SetPrescription.m */ = {isa = PBXFileReference; fileEncoding = 4; lastKnownFileType = sourcecode.c.objc; path = SetPrescription.m; sourceTree = "<group>"; };
		DB0D180616A21833006ECCC7 /* Camera.png */ = {isa = PBXFileReference; lastKnownFileType = image.png; path = Camera.png; sourceTree = "<group>"; };
		DB0D180716A21833006ECCC7 /* Clipboard.png */ = {isa = PBXFileReference; lastKnownFileType = image.png; path = Clipboard.png; sourceTree = "<group>"; };
		DB0D180816A21833006ECCC7 /* Cross.png */ = {isa = PBXFileReference; lastKnownFileType = image.png; path = Cross.png; sourceTree = "<group>"; };
		DB0D180916A21833006ECCC7 /* Play.png */ = {isa = PBXFileReference; lastKnownFileType = image.png; path = Play.png; sourceTree = "<group>"; };
		DB0D180A16A21833006ECCC7 /* Profile.png */ = {isa = PBXFileReference; lastKnownFileType = image.png; path = Profile.png; sourceTree = "<group>"; };
		DB1C6A551690BA1D00D08169 /* LoginViewController.h */ = {isa = PBXFileReference; fileEncoding = 4; lastKnownFileType = sourcecode.c.h; name = LoginViewController.h; path = ProjectZero/LoginViewController.h; sourceTree = "<group>"; };
		DB1C6A561690BA1D00D08169 /* LoginViewController.m */ = {isa = PBXFileReference; fileEncoding = 4; lastKnownFileType = sourcecode.c.objc; name = LoginViewController.m; path = ProjectZero/LoginViewController.m; sourceTree = "<group>"; };
		DB1C6A651691522300D08169 /* PrescQRViewController.h */ = {isa = PBXFileReference; fileEncoding = 4; lastKnownFileType = sourcecode.c.h; name = PrescQRViewController.h; path = ProjectZero/PrescQRViewController.h; sourceTree = "<group>"; };
		DB1C6A661691522300D08169 /* PrescQRViewController.m */ = {isa = PBXFileReference; fileEncoding = 4; lastKnownFileType = sourcecode.c.objc; name = PrescQRViewController.m; path = ProjectZero/PrescQRViewController.m; sourceTree = "<group>"; };
		DB1C6A7116916C8B00D08169 /* NewPatientProfileViewController.h */ = {isa = PBXFileReference; fileEncoding = 4; lastKnownFileType = sourcecode.c.h; name = NewPatientProfileViewController.h; path = ProjectZero/NewPatientProfileViewController.h; sourceTree = "<group>"; };
		DB1C6A7216916C8B00D08169 /* NewPatientProfileViewController.m */ = {isa = PBXFileReference; fileEncoding = 4; lastKnownFileType = sourcecode.c.objc; name = NewPatientProfileViewController.m; path = ProjectZero/NewPatientProfileViewController.m; sourceTree = "<group>"; };
		DB28820016A45F4A00079D12 /* PSLogo114x114.png */ = {isa = PBXFileReference; lastKnownFileType = image.png; path = PSLogo114x114.png; sourceTree = "<group>"; };
		DB373E2C1698F189005EF12B /* AVFoundation.framework */ = {isa = PBXFileReference; lastKnownFileType = wrapper.framework; name = AVFoundation.framework; path = System/Library/Frameworks/AVFoundation.framework; sourceTree = SDKROOT; };
		DB373E2E1698F191005EF12B /* ImageIO.framework */ = {isa = PBXFileReference; lastKnownFileType = wrapper.framework; name = ImageIO.framework; path = System/Library/Frameworks/ImageIO.framework; sourceTree = SDKROOT; };
		DB373E301698F197005EF12B /* CoreVideo.framework */ = {isa = PBXFileReference; lastKnownFileType = wrapper.framework; name = CoreVideo.framework; path = System/Library/Frameworks/CoreVideo.framework; sourceTree = SDKROOT; };
		DB448671168CE988002BEBF7 /* PrescViewController.h */ = {isa = PBXFileReference; fileEncoding = 4; lastKnownFileType = sourcecode.c.h; name = PrescViewController.h; path = ProjectZero/PrescViewController.h; sourceTree = "<group>"; };
		DB448672168CE988002BEBF7 /* PrescViewController.m */ = {isa = PBXFileReference; fileEncoding = 4; lastKnownFileType = sourcecode.c.objc; name = PrescViewController.m; path = ProjectZero/PrescViewController.m; sourceTree = "<group>"; };
		DB448677168CEAEC002BEBF7 /* PrescTableCell.h */ = {isa = PBXFileReference; fileEncoding = 4; lastKnownFileType = sourcecode.c.h; name = PrescTableCell.h; path = ProjectZero/PrescTableCell.h; sourceTree = "<group>"; };
		DB448678168CEAEC002BEBF7 /* PrescTableCell.m */ = {isa = PBXFileReference; fileEncoding = 4; lastKnownFileType = sourcecode.c.objc; name = PrescTableCell.m; path = ProjectZero/PrescTableCell.m; sourceTree = "<group>"; };
		DB44867A168CF297002BEBF7 /* PrescTableCell.xib */ = {isa = PBXFileReference; fileEncoding = 4; lastKnownFileType = file.xib; path = PrescTableCell.xib; sourceTree = "<group>"; };
		DB44867F168D0D80002BEBF7 /* PrescTable.h */ = {isa = PBXFileReference; fileEncoding = 4; lastKnownFileType = sourcecode.c.h; name = PrescTable.h; path = ProjectZero/PrescTable.h; sourceTree = "<group>"; };
		DB448680168D0D80002BEBF7 /* PrescTable.m */ = {isa = PBXFileReference; fileEncoding = 4; lastKnownFileType = sourcecode.c.objc; name = PrescTable.m; path = ProjectZero/PrescTable.m; sourceTree = "<group>"; };
		DB534DE3169185C100225DE0 /* UserTableCell.h */ = {isa = PBXFileReference; fileEncoding = 4; lastKnownFileType = sourcecode.c.h; path = UserTableCell.h; sourceTree = "<group>"; };
		DB534DE4169185C100225DE0 /* UserTableCell.m */ = {isa = PBXFileReference; fileEncoding = 4; lastKnownFileType = sourcecode.c.objc; path = UserTableCell.m; sourceTree = "<group>"; };
		DB534DE61691860100225DE0 /* UserTableCell.xib */ = {isa = PBXFileReference; fileEncoding = 4; lastKnownFileType = file.xib; path = UserTableCell.xib; sourceTree = "<group>"; };
		DB55417D169249BB00B31ADF /* PatListViewController.h */ = {isa = PBXFileReference; fileEncoding = 4; lastKnownFileType = sourcecode.c.h; path = PatListViewController.h; sourceTree = "<group>"; };
		DB55417E169249BB00B31ADF /* PatListViewController.m */ = {isa = PBXFileReference; fileEncoding = 4; lastKnownFileType = sourcecode.c.objc; path = PatListViewController.m; sourceTree = "<group>"; };
		DB65F5A516AA5F4200EB6D19 /* 320x480.png */ = {isa = PBXFileReference; lastKnownFileType = image.png; path = 320x480.png; sourceTree = "<group>"; };
		DB65F5A616AA5F4200EB6D19 /* 640x960.png */ = {isa = PBXFileReference; lastKnownFileType = image.png; path = 640x960.png; sourceTree = "<group>"; };
		DB65F5A716AA5F4300EB6D19 /* Launch-logo 640x1136.png */ = {isa = PBXFileReference; lastKnownFileType = image.png; path = "Launch-logo 640x1136.png"; sourceTree = "<group>"; };
		DB65F5AF16AA5FB100EB6D19 /* Default-568h@2x.png */ = {isa = PBXFileReference; lastKnownFileType = image.png; path = "Default-568h@2x.png"; sourceTree = "<group>"; };
		DB65F5B116AA5FC000EB6D19 /* Default@2x.png */ = {isa = PBXFileReference; lastKnownFileType = image.png; path = "Default@2x.png"; sourceTree = "<group>"; };
		DB65F5B316AA5FDC00EB6D19 /* Default.png */ = {isa = PBXFileReference; lastKnownFileType = image.png; path = Default.png; sourceTree = "<group>"; };
		DB67F50D16947A7F009097BD /* facebook-profile-picture.jpg */ = {isa = PBXFileReference; lastKnownFileType = image.jpeg; path = "facebook-profile-picture.jpg"; sourceTree = "<group>"; };
		DB67F51016947C2B009097BD /* PatientProfileViewController.h */ = {isa = PBXFileReference; fileEncoding = 4; lastKnownFileType = sourcecode.c.h; path = PatientProfileViewController.h; sourceTree = "<group>"; };
		DB67F51116947C2B009097BD /* PatientProfileViewController.m */ = {isa = PBXFileReference; fileEncoding = 4; lastKnownFileType = sourcecode.c.objc; path = PatientProfileViewController.m; sourceTree = "<group>"; };
		DB67F5131696802D009097BD /* MakePrescriptionViewController.h */ = {isa = PBXFileReference; fileEncoding = 4; lastKnownFileType = sourcecode.c.h; path = MakePrescriptionViewController.h; sourceTree = "<group>"; };
		DB67F5141696802D009097BD /* MakePrescriptionViewController.m */ = {isa = PBXFileReference; fileEncoding = 4; lastKnownFileType = sourcecode.c.objc; path = MakePrescriptionViewController.m; sourceTree = "<group>"; };
		DB67F51A1697B97C009097BD /* PharmaHomeViewController.h */ = {isa = PBXFileReference; fileEncoding = 4; lastKnownFileType = sourcecode.c.h; path = PharmaHomeViewController.h; sourceTree = "<group>"; };
		DB67F51B1697B97C009097BD /* PharmaHomeViewController.m */ = {isa = PBXFileReference; fileEncoding = 4; lastKnownFileType = sourcecode.c.objc; path = PharmaHomeViewController.m; sourceTree = "<group>"; };
		DB67F51E1697DA75009097BD /* FindUserViewController.h */ = {isa = PBXFileReference; fileEncoding = 4; lastKnownFileType = sourcecode.c.h; path = FindUserViewController.h; sourceTree = "<group>"; };
		DB67F51F1697DA75009097BD /* FindUserViewController.m */ = {isa = PBXFileReference; fileEncoding = 4; lastKnownFileType = sourcecode.c.objc; path = FindUserViewController.m; sourceTree = "<group>"; };
		DB710C2A168B89B60029847F /* MapSearchView.h */ = {isa = PBXFileReference; fileEncoding = 4; lastKnownFileType = sourcecode.c.h; name = MapSearchView.h; path = ProjectZero/MapSearchView.h; sourceTree = "<group>"; };
		DB710C2B168B89B60029847F /* MapSearchView.m */ = {isa = PBXFileReference; fileEncoding = 4; lastKnownFileType = sourcecode.c.objc; name = MapSearchView.m; path = ProjectZero/MapSearchView.m; sourceTree = "<group>"; };
		DB710C52168BE4730029847F /* MyAnnotation.h */ = {isa = PBXFileReference; fileEncoding = 4; lastKnownFileType = sourcecode.c.h; name = MyAnnotation.h; path = ProjectZero/MyAnnotation.h; sourceTree = "<group>"; };
		DB710C53168BE4730029847F /* MyAnnotation.m */ = {isa = PBXFileReference; fileEncoding = 4; lastKnownFileType = sourcecode.c.objc; name = MyAnnotation.m; path = ProjectZero/MyAnnotation.m; sourceTree = "<group>"; };
		DB710C56168BE5500029847F /* MapViewController.h */ = {isa = PBXFileReference; fileEncoding = 4; lastKnownFileType = sourcecode.c.h; name = MapViewController.h; path = ProjectZero/MapViewController.h; sourceTree = "<group>"; };
		DB710C57168BE5500029847F /* MapViewController.m */ = {isa = PBXFileReference; fileEncoding = 4; lastKnownFileType = sourcecode.c.objc; name = MapViewController.m; path = ProjectZero/MapViewController.m; sourceTree = "<group>"; };
		DB710C59168BEB370029847F /* MapKit.framework */ = {isa = PBXFileReference; lastKnownFileType = wrapper.framework; name = MapKit.framework; path = System/Library/Frameworks/MapKit.framework; sourceTree = SDKROOT; };
		DB710C66168BF07C0029847F /* GeoLocation.h */ = {isa = PBXFileReference; fileEncoding = 4; lastKnownFileType = sourcecode.c.h; path = GeoLocation.h; sourceTree = "<group>"; };
		DB710C67168BF07C0029847F /* GeoLocation.m */ = {isa = PBXFileReference; fileEncoding = 4; lastKnownFileType = sourcecode.c.objc; path = GeoLocation.m; sourceTree = "<group>"; };
		DB710C69168BF2210029847F /* CoreLocation.framework */ = {isa = PBXFileReference; lastKnownFileType = wrapper.framework; name = CoreLocation.framework; path = System/Library/Frameworks/CoreLocation.framework; sourceTree = SDKROOT; };
		DB743EFC169A97AB004146DD /* Decoder.h */ = {isa = PBXFileReference; fileEncoding = 4; lastKnownFileType = sourcecode.c.h; path = Decoder.h; sourceTree = "<group>"; };
		DB743EFD169A97AB004146DD /* Exception.h */ = {isa = PBXFileReference; fileEncoding = 4; lastKnownFileType = sourcecode.c.h; path = Exception.h; sourceTree = "<group>"; };
		DB743EFE169A97AB004146DD /* Image.h */ = {isa = PBXFileReference; fileEncoding = 4; lastKnownFileType = sourcecode.c.h; path = Image.h; sourceTree = "<group>"; };
		DB743EFF169A97AB004146DD /* ImageScanner.h */ = {isa = PBXFileReference; fileEncoding = 4; lastKnownFileType = sourcecode.c.h; path = ImageScanner.h; sourceTree = "<group>"; };
		DB743F00169A97AB004146DD /* Processor.h */ = {isa = PBXFileReference; fileEncoding = 4; lastKnownFileType = sourcecode.c.h; path = Processor.h; sourceTree = "<group>"; };
		DB743F01169A97AB004146DD /* Scanner.h */ = {isa = PBXFileReference; fileEncoding = 4; lastKnownFileType = sourcecode.c.h; path = Scanner.h; sourceTree = "<group>"; };
		DB743F02169A97AB004146DD /* Symbol.h */ = {isa = PBXFileReference; fileEncoding = 4; lastKnownFileType = sourcecode.c.h; path = Symbol.h; sourceTree = "<group>"; };
		DB743F03169A97AB004146DD /* Video.h */ = {isa = PBXFileReference; fileEncoding = 4; lastKnownFileType = sourcecode.c.h; path = Video.h; sourceTree = "<group>"; };
		DB743F04169A97AB004146DD /* Window.h */ = {isa = PBXFileReference; fileEncoding = 4; lastKnownFileType = sourcecode.c.h; path = Window.h; sourceTree = "<group>"; };
		DB743F05169A97AB004146DD /* zbar.h */ = {isa = PBXFileReference; fileEncoding = 4; lastKnownFileType = sourcecode.c.h; path = zbar.h; sourceTree = "<group>"; };
		DB743F06169A97AB004146DD /* ZBarCameraSimulator.h */ = {isa = PBXFileReference; fileEncoding = 4; lastKnownFileType = sourcecode.c.h; path = ZBarCameraSimulator.h; sourceTree = "<group>"; };
		DB743F07169A97AB004146DD /* ZBarCaptureReader.h */ = {isa = PBXFileReference; fileEncoding = 4; lastKnownFileType = sourcecode.c.h; path = ZBarCaptureReader.h; sourceTree = "<group>"; };
		DB743F08169A97AB004146DD /* ZBarHelpController.h */ = {isa = PBXFileReference; fileEncoding = 4; lastKnownFileType = sourcecode.c.h; path = ZBarHelpController.h; sourceTree = "<group>"; };
		DB743F09169A97AB004146DD /* ZBarImage.h */ = {isa = PBXFileReference; fileEncoding = 4; lastKnownFileType = sourcecode.c.h; path = ZBarImage.h; sourceTree = "<group>"; };
		DB743F0A169A97AB004146DD /* ZBarImageScanner.h */ = {isa = PBXFileReference; fileEncoding = 4; lastKnownFileType = sourcecode.c.h; path = ZBarImageScanner.h; sourceTree = "<group>"; };
		DB743F0B169A97AB004146DD /* ZBarReaderController.h */ = {isa = PBXFileReference; fileEncoding = 4; lastKnownFileType = sourcecode.c.h; path = ZBarReaderController.h; sourceTree = "<group>"; };
		DB743F0C169A97AB004146DD /* ZBarReaderView.h */ = {isa = PBXFileReference; fileEncoding = 4; lastKnownFileType = sourcecode.c.h; path = ZBarReaderView.h; sourceTree = "<group>"; };
		DB743F0D169A97AB004146DD /* ZBarReaderViewController.h */ = {isa = PBXFileReference; fileEncoding = 4; lastKnownFileType = sourcecode.c.h; path = ZBarReaderViewController.h; sourceTree = "<group>"; };
		DB743F0E169A97AB004146DD /* ZBarSDK.h */ = {isa = PBXFileReference; fileEncoding = 4; lastKnownFileType = sourcecode.c.h; path = ZBarSDK.h; sourceTree = "<group>"; };
		DB743F0F169A97AB004146DD /* ZBarSymbol.h */ = {isa = PBXFileReference; fileEncoding = 4; lastKnownFileType = sourcecode.c.h; path = ZBarSymbol.h; sourceTree = "<group>"; };
		DB743F10169A97AB004146DD /* libzbar.a */ = {isa = PBXFileReference; lastKnownFileType = archive.ar; path = libzbar.a; sourceTree = "<group>"; };
		DB743F12169A97AB004146DD /* zbar-back.png */ = {isa = PBXFileReference; lastKnownFileType = image.png; path = "zbar-back.png"; sourceTree = "<group>"; };
		DB743F13169A97AB004146DD /* zbar-help.html */ = {isa = PBXFileReference; fileEncoding = 4; lastKnownFileType = text.html; path = "zbar-help.html"; sourceTree = "<group>"; };
		DB743F14169A97AB004146DD /* zbar-helpicons.png */ = {isa = PBXFileReference; lastKnownFileType = image.png; path = "zbar-helpicons.png"; sourceTree = "<group>"; };
		DB743F15169A97AB004146DD /* zbar-samples.png */ = {isa = PBXFileReference; lastKnownFileType = image.png; path = "zbar-samples.png"; sourceTree = "<group>"; };
		DB743F1B169A9A92004146DD /* QuartzCore.framework */ = {isa = PBXFileReference; lastKnownFileType = wrapper.framework; name = QuartzCore.framework; path = System/Library/Frameworks/QuartzCore.framework; sourceTree = SDKROOT; };
		DB743F1D169A9AA3004146DD /* libiconv.dylib */ = {isa = PBXFileReference; lastKnownFileType = "compiled.mach-o.dylib"; name = libiconv.dylib; path = usr/lib/libiconv.dylib; sourceTree = SDKROOT; };
		DB743F1F169A9AED004146DD /* CoreMedia.framework */ = {isa = PBXFileReference; lastKnownFileType = wrapper.framework; name = CoreMedia.framework; path = System/Library/Frameworks/CoreMedia.framework; sourceTree = SDKROOT; };
		DB7501CA169CCC490006A749 /* Drug_Pill.png */ = {isa = PBXFileReference; lastKnownFileType = image.png; path = Drug_Pill.png; sourceTree = "<group>"; };
		DB7501CE169CD6800006A749 /* RefillsButton.png */ = {isa = PBXFileReference; lastKnownFileType = image.png; path = RefillsButton.png; sourceTree = "<group>"; };
		DB920412169B5EFF00889D8E /* AudioToolbox.framework */ = {isa = PBXFileReference; lastKnownFileType = wrapper.framework; name = AudioToolbox.framework; path = System/Library/Frameworks/AudioToolbox.framework; sourceTree = SDKROOT; };
		DB920422169BCFE600889D8E /* PharmaScribe-iOSicon.png */ = {isa = PBXFileReference; lastKnownFileType = image.png; path = "PharmaScribe-iOSicon.png"; sourceTree = "<group>"; };
		DBD8932216894FE8005C0B87 /* PharmaScribe.app */ = {isa = PBXFileReference; explicitFileType = wrapper.application; includeInIndex = 0; path = PharmaScribe.app; sourceTree = BUILT_PRODUCTS_DIR; };
		DBD8932616894FE8005C0B87 /* UIKit.framework */ = {isa = PBXFileReference; lastKnownFileType = wrapper.framework; name = UIKit.framework; path = System/Library/Frameworks/UIKit.framework; sourceTree = SDKROOT; };
		DBD8932816894FE8005C0B87 /* Foundation.framework */ = {isa = PBXFileReference; lastKnownFileType = wrapper.framework; name = Foundation.framework; path = System/Library/Frameworks/Foundation.framework; sourceTree = SDKROOT; };
		DBD8932A16894FE8005C0B87 /* CoreGraphics.framework */ = {isa = PBXFileReference; lastKnownFileType = wrapper.framework; name = CoreGraphics.framework; path = System/Library/Frameworks/CoreGraphics.framework; sourceTree = SDKROOT; };
		DBD8932E16894FE8005C0B87 /* ProjectZero-Info.plist */ = {isa = PBXFileReference; lastKnownFileType = text.plist.xml; path = "ProjectZero-Info.plist"; sourceTree = "<group>"; };
		DBD8933016894FE8005C0B87 /* en */ = {isa = PBXFileReference; lastKnownFileType = text.plist.strings; name = en; path = en.lproj/InfoPlist.strings; sourceTree = "<group>"; };
		DBD8933216894FE8005C0B87 /* main.m */ = {isa = PBXFileReference; lastKnownFileType = sourcecode.c.objc; path = main.m; sourceTree = "<group>"; };
		DBD8933416894FE8005C0B87 /* ProjectZero-Prefix.pch */ = {isa = PBXFileReference; lastKnownFileType = sourcecode.c.h; path = "ProjectZero-Prefix.pch"; sourceTree = "<group>"; };
		DBD8933516894FE8005C0B87 /* AppDelegate.h */ = {isa = PBXFileReference; lastKnownFileType = sourcecode.c.h; path = AppDelegate.h; sourceTree = "<group>"; };
		DBD8933616894FE8005C0B87 /* AppDelegate.m */ = {isa = PBXFileReference; lastKnownFileType = sourcecode.c.objc; path = AppDelegate.m; sourceTree = "<group>"; };
		DBD8933816894FE8005C0B87 /* Default.png */ = {isa = PBXFileReference; lastKnownFileType = image.png; path = Default.png; sourceTree = "<group>"; };
		DBD8933A16894FE8005C0B87 /* Default@2x.png */ = {isa = PBXFileReference; lastKnownFileType = image.png; path = "Default@2x.png"; sourceTree = "<group>"; };
		DBD8933C16894FE8005C0B87 /* Default-568h@2x.png */ = {isa = PBXFileReference; lastKnownFileType = image.png; path = "Default-568h@2x.png"; sourceTree = "<group>"; };
		DBD8933F16894FE8005C0B87 /* en */ = {isa = PBXFileReference; lastKnownFileType = file.storyboard; name = en; path = en.lproj/MainStoryboard.storyboard; sourceTree = "<group>"; };
		DBD8934116894FE8005C0B87 /* ViewController.h */ = {isa = PBXFileReference; lastKnownFileType = sourcecode.c.h; name = ViewController.h; path = ProjectZero/ViewController.h; sourceTree = "<group>"; };
		DBD8934216894FE8005C0B87 /* ViewController.m */ = {isa = PBXFileReference; lastKnownFileType = sourcecode.c.objc; name = ViewController.m; path = ProjectZero/ViewController.m; sourceTree = "<group>"; };
		DBD8934916894FE8005C0B87 /* ProjectZeroTests.octest */ = {isa = PBXFileReference; explicitFileType = wrapper.cfbundle; includeInIndex = 0; path = ProjectZeroTests.octest; sourceTree = BUILT_PRODUCTS_DIR; };
		DBD8934A16894FE8005C0B87 /* SenTestingKit.framework */ = {isa = PBXFileReference; lastKnownFileType = wrapper.framework; name = SenTestingKit.framework; path = Library/Frameworks/SenTestingKit.framework; sourceTree = DEVELOPER_DIR; };
		DBD8935216894FE8005C0B87 /* ProjectZeroTests-Info.plist */ = {isa = PBXFileReference; lastKnownFileType = text.plist.xml; path = "ProjectZeroTests-Info.plist"; sourceTree = "<group>"; };
		DBD8935416894FE8005C0B87 /* en */ = {isa = PBXFileReference; lastKnownFileType = text.plist.strings; name = en; path = en.lproj/InfoPlist.strings; sourceTree = "<group>"; };
		DBD8935616894FE8005C0B87 /* ProjectZeroTests.h */ = {isa = PBXFileReference; lastKnownFileType = sourcecode.c.h; path = ProjectZeroTests.h; sourceTree = "<group>"; };
		DBD8935716894FE8005C0B87 /* ProjectZeroTests.m */ = {isa = PBXFileReference; lastKnownFileType = sourcecode.c.objc; path = ProjectZeroTests.m; sourceTree = "<group>"; };
		DBDC57F1169A29ED0088AC1B /* VerifyViewController.h */ = {isa = PBXFileReference; fileEncoding = 4; lastKnownFileType = sourcecode.c.h; path = VerifyViewController.h; sourceTree = "<group>"; };
		DBDC57F2169A29ED0088AC1B /* VerifyViewController.m */ = {isa = PBXFileReference; fileEncoding = 4; lastKnownFileType = sourcecode.c.objc; path = VerifyViewController.m; sourceTree = "<group>"; };
		DBFF2C6A168FFBFD0002C403 /* UserVariables.h */ = {isa = PBXFileReference; fileEncoding = 4; lastKnownFileType = sourcecode.c.h; path = UserVariables.h; sourceTree = "<group>"; };
		DBFF2C6B168FFBFD0002C403 /* UserVariables.m */ = {isa = PBXFileReference; fileEncoding = 4; lastKnownFileType = sourcecode.c.objc; path = UserVariables.m; sourceTree = "<group>"; };
/* End PBXFileReference section */

/* Begin PBXFrameworksBuildPhase section */
		DBD8931F16894FE8005C0B87 /* Frameworks */ = {
			isa = PBXFrameworksBuildPhase;
			buildActionMask = 2147483647;
			files = (
				DB920413169B5EFF00889D8E /* AudioToolbox.framework in Frameworks */,
				DB373E311698F198005EF12B /* CoreVideo.framework in Frameworks */,
				DB710C5A168BEB370029847F /* MapKit.framework in Frameworks */,
				DBD8932716894FE8005C0B87 /* UIKit.framework in Frameworks */,
				DBD8932916894FE8005C0B87 /* Foundation.framework in Frameworks */,
				DB710C6A168BF2210029847F /* CoreLocation.framework in Frameworks */,
				DB743F20169A9AED004146DD /* CoreMedia.framework in Frameworks */,
				DB743F1E169A9AA3004146DD /* libiconv.dylib in Frameworks */,
				DB743F1C169A9A92004146DD /* QuartzCore.framework in Frameworks */,
				DB373E2F1698F191005EF12B /* ImageIO.framework in Frameworks */,
				DB373E2D1698F189005EF12B /* AVFoundation.framework in Frameworks */,
				DBD8932B16894FE8005C0B87 /* CoreGraphics.framework in Frameworks */,
				DB743F16169A97AB004146DD /* libzbar.a in Frameworks */,
			);
			runOnlyForDeploymentPostprocessing = 0;
		};
		DBD8934516894FE8005C0B87 /* Frameworks */ = {
			isa = PBXFrameworksBuildPhase;
			buildActionMask = 2147483647;
			files = (
				DBD8934B16894FE8005C0B87 /* SenTestingKit.framework in Frameworks */,
				DBD8934C16894FE8005C0B87 /* UIKit.framework in Frameworks */,
				DBD8934D16894FE8005C0B87 /* Foundation.framework in Frameworks */,
			);
			runOnlyForDeploymentPostprocessing = 0;
		};
/* End PBXFrameworksBuildPhase section */

/* Begin PBXGroup section */
		63F7BD48169138E200EAE9A5 /* artwork */ = {
			isa = PBXGroup;
			children = (
				DB0D180616A21833006ECCC7 /* Camera.png */,
				DB0D180716A21833006ECCC7 /* Clipboard.png */,
				DB0D180816A21833006ECCC7 /* Cross.png */,
				DB0D180916A21833006ECCC7 /* Play.png */,
				DB0D180A16A21833006ECCC7 /* Profile.png */,
				DB7501CE169CD6800006A749 /* RefillsButton.png */,
				DB7501CA169CCC490006A749 /* Drug_Pill.png */,
				63F7BDA1169A89F500EAE9A5 /* SearchBN.jpg */,
				63F7BDA2169A89F500EAE9A5 /* ViewPP.jpg */,
				63F7BD9B169A89EB00EAE9A5 /* Create.jpg */,
				63F7BD9C169A89EB00EAE9A5 /* NP.jpg */,
				63F7BD9D169A89EB00EAE9A5 /* SAPatients.jpg */,
				63F7BD93169A896B00EAE9A5 /* createProfile.jpg */,
				63F7BD94169A896B00EAE9A5 /* database.jpg */,
				63F7BD95169A896B00EAE9A5 /* find.jpg */,
				63F7BD96169A896B00EAE9A5 /* makePrescription.jpg */,
				63F7BD8D169A882900EAE9A5 /* locate.jpg */,
				63F7BD8E169A882900EAE9A5 /* prescription.jpg */,
				63F7BD8F169A882900EAE9A5 /* Profile.jpg */,
				63F7BD89169A873C00EAE9A5 /* buttons.jpg */,
				63F7BD8A169A873C00EAE9A5 /* register.jpg */,
				63F7BD521691441700EAE9A5 /* patient.jpg */,
				63F7BD49169138E200EAE9A5 /* 89.jpg */,
				63F7BD4A169138E200EAE9A5 /* blank-clipboard-icon.jpg */,
				DB67F50D16947A7F009097BD /* facebook-profile-picture.jpg */,
				63F7BD4B169138E200EAE9A5 /* e-prescribe.jpg */,
				63F7BD4C169138E200EAE9A5 /* medicine.jpg */,
			);
			name = artwork;
			path = ProjectZero/artwork;
			sourceTree = "<group>";
		};
		DB1C6A7516916CA300D08169 /* ViewControllers */ = {
			isa = PBXGroup;
			children = (
				DB67F51A1697B97C009097BD /* PharmaHomeViewController.h */,
				DB67F51B1697B97C009097BD /* PharmaHomeViewController.m */,
				DB1C6A7116916C8B00D08169 /* NewPatientProfileViewController.h */,
				DB1C6A7216916C8B00D08169 /* NewPatientProfileViewController.m */,
				DB1C6A651691522300D08169 /* PrescQRViewController.h */,
				DB1C6A661691522300D08169 /* PrescQRViewController.m */,
				DB1C6A551690BA1D00D08169 /* LoginViewController.h */,
				DB1C6A561690BA1D00D08169 /* LoginViewController.m */,
				DB710C56168BE5500029847F /* MapViewController.h */,
				DB710C57168BE5500029847F /* MapViewController.m */,
				DB710C2A168B89B60029847F /* MapSearchView.h */,
				DB710C2B168B89B60029847F /* MapSearchView.m */,
				DB448671168CE988002BEBF7 /* PrescViewController.h */,
				DB448672168CE988002BEBF7 /* PrescViewController.m */,
				DBD8934116894FE8005C0B87 /* ViewController.h */,
				DBD8934216894FE8005C0B87 /* ViewController.m */,
				DB55417D169249BB00B31ADF /* PatListViewController.h */,
				DB55417E169249BB00B31ADF /* PatListViewController.m */,
				DB67F51016947C2B009097BD /* PatientProfileViewController.h */,
				DB67F51116947C2B009097BD /* PatientProfileViewController.m */,
				DB67F5131696802D009097BD /* MakePrescriptionViewController.h */,
				DB67F5141696802D009097BD /* MakePrescriptionViewController.m */,
				DB67F51E1697DA75009097BD /* FindUserViewController.h */,
				DB67F51F1697DA75009097BD /* FindUserViewController.m */,
				DBDC57F1169A29ED0088AC1B /* VerifyViewController.h */,
				DBDC57F2169A29ED0088AC1B /* VerifyViewController.m */,
			);
			name = ViewControllers;
			sourceTree = "<group>";
		};
		DB710C51168BE4450029847F /* Objects */ = {
			isa = PBXGroup;
			children = (
				DB448677168CEAEC002BEBF7 /* PrescTableCell.h */,
				DB448678168CEAEC002BEBF7 /* PrescTableCell.m */,
				DB710C52168BE4730029847F /* MyAnnotation.h */,
				DB710C53168BE4730029847F /* MyAnnotation.m */,
				DB44867A168CF297002BEBF7 /* PrescTableCell.xib */,
				DB44867F168D0D80002BEBF7 /* PrescTable.h */,
				DB448680168D0D80002BEBF7 /* PrescTable.m */,
				DBFF2C6A168FFBFD0002C403 /* UserVariables.h */,
				DBFF2C6B168FFBFD0002C403 /* UserVariables.m */,
				DB534DE3169185C100225DE0 /* UserTableCell.h */,
				DB534DE4169185C100225DE0 /* UserTableCell.m */,
				DB534DE61691860100225DE0 /* UserTableCell.xib */,
			);
			name = Objects;
			sourceTree = "<group>";
		};
		DB743EF8169A97AB004146DD /* ZBarSDK */ = {
			isa = PBXGroup;
			children = (
				DB743EF9169A97AB004146DD /* Headers */,
				DB743F10169A97AB004146DD /* libzbar.a */,
				DB743F11169A97AB004146DD /* Resources */,
			);
			path = ZBarSDK;
			sourceTree = "<group>";
		};
		DB743EF9169A97AB004146DD /* Headers */ = {
			isa = PBXGroup;
			children = (
				DB743EFA169A97AB004146DD /* ZBarSDK */,
			);
			path = Headers;
			sourceTree = "<group>";
		};
		DB743EFA169A97AB004146DD /* ZBarSDK */ = {
			isa = PBXGroup;
			children = (
				DB743EFB169A97AB004146DD /* zbar */,
				DB743F05169A97AB004146DD /* zbar.h */,
				DB743F06169A97AB004146DD /* ZBarCameraSimulator.h */,
				DB743F07169A97AB004146DD /* ZBarCaptureReader.h */,
				DB743F08169A97AB004146DD /* ZBarHelpController.h */,
				DB743F09169A97AB004146DD /* ZBarImage.h */,
				DB743F0A169A97AB004146DD /* ZBarImageScanner.h */,
				DB743F0B169A97AB004146DD /* ZBarReaderController.h */,
				DB743F0C169A97AB004146DD /* ZBarReaderView.h */,
				DB743F0D169A97AB004146DD /* ZBarReaderViewController.h */,
				DB743F0E169A97AB004146DD /* ZBarSDK.h */,
				DB743F0F169A97AB004146DD /* ZBarSymbol.h */,
			);
			path = ZBarSDK;
			sourceTree = "<group>";
		};
		DB743EFB169A97AB004146DD /* zbar */ = {
			isa = PBXGroup;
			children = (
				DB743EFC169A97AB004146DD /* Decoder.h */,
				DB743EFD169A97AB004146DD /* Exception.h */,
				DB743EFE169A97AB004146DD /* Image.h */,
				DB743EFF169A97AB004146DD /* ImageScanner.h */,
				DB743F00169A97AB004146DD /* Processor.h */,
				DB743F01169A97AB004146DD /* Scanner.h */,
				DB743F02169A97AB004146DD /* Symbol.h */,
				DB743F03169A97AB004146DD /* Video.h */,
				DB743F04169A97AB004146DD /* Window.h */,
			);
			path = zbar;
			sourceTree = "<group>";
		};
		DB743F11169A97AB004146DD /* Resources */ = {
			isa = PBXGroup;
			children = (
				DB743F12169A97AB004146DD /* zbar-back.png */,
				DB743F13169A97AB004146DD /* zbar-help.html */,
				DB743F14169A97AB004146DD /* zbar-helpicons.png */,
				DB743F15169A97AB004146DD /* zbar-samples.png */,
			);
			path = Resources;
			sourceTree = "<group>";
		};
		DBD8931716894FE8005C0B87 = {
			isa = PBXGroup;
			children = (
				DB65F5B316AA5FDC00EB6D19 /* Default.png */,
				DB65F5B116AA5FC000EB6D19 /* Default@2x.png */,
				DB65F5AF16AA5FB100EB6D19 /* Default-568h@2x.png */,
				DB65F5A516AA5F4200EB6D19 /* 320x480.png */,
				DB65F5A616AA5F4200EB6D19 /* 640x960.png */,
				DB65F5A716AA5F4300EB6D19 /* Launch-logo 640x1136.png */,
				DB28820016A45F4A00079D12 /* PSLogo114x114.png */,
				DB920422169BCFE600889D8E /* PharmaScribe-iOSicon.png */,
				DB920412169B5EFF00889D8E /* AudioToolbox.framework */,
				DB743F1F169A9AED004146DD /* CoreMedia.framework */,
				DB743F1D169A9AA3004146DD /* libiconv.dylib */,
				DB743F1B169A9A92004146DD /* QuartzCore.framework */,
				DB743EF8169A97AB004146DD /* ZBarSDK */,
				DB373E301698F197005EF12B /* CoreVideo.framework */,
				DB373E2E1698F191005EF12B /* ImageIO.framework */,
				DB373E2C1698F189005EF12B /* AVFoundation.framework */,
				DB1C6A7516916CA300D08169 /* ViewControllers */,
				63F7BD48169138E200EAE9A5 /* artwork */,
				DB710C51168BE4450029847F /* Objects */,
				DBD8932C16894FE8005C0B87 /* ProjectZero */,
				DBD8935016894FE8005C0B87 /* ProjectZeroTests */,
				DBD8932516894FE8005C0B87 /* Frameworks */,
				DBD8932316894FE8005C0B87 /* Products */,
			);
			sourceTree = "<group>";
		};
		DBD8932316894FE8005C0B87 /* Products */ = {
			isa = PBXGroup;
			children = (
				DBD8932216894FE8005C0B87 /* PharmaScribe.app */,
				DBD8934916894FE8005C0B87 /* ProjectZeroTests.octest */,
			);
			name = Products;
			sourceTree = "<group>";
		};
		DBD8932516894FE8005C0B87 /* Frameworks */ = {
			isa = PBXGroup;
			children = (
				DB710C69168BF2210029847F /* CoreLocation.framework */,
				DB710C59168BEB370029847F /* MapKit.framework */,
				DBD8932616894FE8005C0B87 /* UIKit.framework */,
				DBD8932816894FE8005C0B87 /* Foundation.framework */,
				DBD8932A16894FE8005C0B87 /* CoreGraphics.framework */,
				DBD8934A16894FE8005C0B87 /* SenTestingKit.framework */,
			);
			name = Frameworks;
			sourceTree = "<group>";
		};
		DBD8932C16894FE8005C0B87 /* ProjectZero */ = {
			isa = PBXGroup;
			children = (
				DBD8933516894FE8005C0B87 /* AppDelegate.h */,
				DBD8933616894FE8005C0B87 /* AppDelegate.m */,
				DBD8933E16894FE8005C0B87 /* MainStoryboard.storyboard */,
				DBD8932D16894FE8005C0B87 /* Supporting Files */,
				DB710C66168BF07C0029847F /* GeoLocation.h */,
				DB710C67168BF07C0029847F /* GeoLocation.m */,
				91DADFD9168E49CB006F027F /* SetPrescription.h */,
				91DADFDA168E49CB006F027F /* SetPrescription.m */,
			);
			path = ProjectZero;
			sourceTree = "<group>";
		};
		DBD8932D16894FE8005C0B87 /* Supporting Files */ = {
			isa = PBXGroup;
			children = (
				DBD8932E16894FE8005C0B87 /* ProjectZero-Info.plist */,
				DBD8932F16894FE8005C0B87 /* InfoPlist.strings */,
				DBD8933216894FE8005C0B87 /* main.m */,
				DBD8933416894FE8005C0B87 /* ProjectZero-Prefix.pch */,
				DBD8933816894FE8005C0B87 /* Default.png */,
				DBD8933A16894FE8005C0B87 /* Default@2x.png */,
				DBD8933C16894FE8005C0B87 /* Default-568h@2x.png */,
			);
			name = "Supporting Files";
			sourceTree = "<group>";
		};
		DBD8935016894FE8005C0B87 /* ProjectZeroTests */ = {
			isa = PBXGroup;
			children = (
				DBD8935616894FE8005C0B87 /* ProjectZeroTests.h */,
				DBD8935716894FE8005C0B87 /* ProjectZeroTests.m */,
				DBD8935116894FE8005C0B87 /* Supporting Files */,
			);
			path = ProjectZeroTests;
			sourceTree = "<group>";
		};
		DBD8935116894FE8005C0B87 /* Supporting Files */ = {
			isa = PBXGroup;
			children = (
				DBD8935216894FE8005C0B87 /* ProjectZeroTests-Info.plist */,
				DBD8935316894FE8005C0B87 /* InfoPlist.strings */,
			);
			name = "Supporting Files";
			sourceTree = "<group>";
		};
/* End PBXGroup section */

/* Begin PBXNativeTarget section */
		DBD8932116894FE8005C0B87 /* ProjectZero */ = {
			isa = PBXNativeTarget;
			buildConfigurationList = DBD8935B16894FE8005C0B87 /* Build configuration list for PBXNativeTarget "ProjectZero" */;
			buildPhases = (
				DBD8931E16894FE8005C0B87 /* Sources */,
				DBD8931F16894FE8005C0B87 /* Frameworks */,
				DBD8932016894FE8005C0B87 /* Resources */,
			);
			buildRules = (
			);
			dependencies = (
			);
			name = ProjectZero;
			productName = ProjectZero;
			productReference = DBD8932216894FE8005C0B87 /* PharmaScribe.app */;
			productType = "com.apple.product-type.application";
		};
		DBD8934816894FE8005C0B87 /* ProjectZeroTests */ = {
			isa = PBXNativeTarget;
			buildConfigurationList = DBD8935E16894FE8005C0B87 /* Build configuration list for PBXNativeTarget "ProjectZeroTests" */;
			buildPhases = (
				DBD8934416894FE8005C0B87 /* Sources */,
				DBD8934516894FE8005C0B87 /* Frameworks */,
				DBD8934616894FE8005C0B87 /* Resources */,
				DBD8934716894FE8005C0B87 /* ShellScript */,
			);
			buildRules = (
			);
			dependencies = (
				DBD8934F16894FE8005C0B87 /* PBXTargetDependency */,
			);
			name = ProjectZeroTests;
			productName = ProjectZeroTests;
			productReference = DBD8934916894FE8005C0B87 /* ProjectZeroTests.octest */;
			productType = "com.apple.product-type.bundle";
		};
/* End PBXNativeTarget section */

/* Begin PBXProject section */
		DBD8931916894FE8005C0B87 /* Project object */ = {
			isa = PBXProject;
			attributes = {
				LastUpgradeCheck = 0450;
				ORGANIZATIONNAME = Larkin;
			};
			buildConfigurationList = DBD8931C16894FE8005C0B87 /* Build configuration list for PBXProject "PharmaScribe" */;
			compatibilityVersion = "Xcode 3.2";
			developmentRegion = English;
			hasScannedForEncodings = 0;
			knownRegions = (
				en,
			);
			mainGroup = DBD8931716894FE8005C0B87;
			productRefGroup = DBD8932316894FE8005C0B87 /* Products */;
			projectDirPath = "";
			projectRoot = "";
			targets = (
				DBD8932116894FE8005C0B87 /* ProjectZero */,
				DBD8934816894FE8005C0B87 /* ProjectZeroTests */,
			);
		};
/* End PBXProject section */

/* Begin PBXResourcesBuildPhase section */
		DBD8932016894FE8005C0B87 /* Resources */ = {
			isa = PBXResourcesBuildPhase;
			buildActionMask = 2147483647;
			files = (
				DBD8933116894FE8005C0B87 /* InfoPlist.strings in Resources */,
				DBD8933916894FE8005C0B87 /* Default.png in Resources */,
				DBD8933B16894FE8005C0B87 /* Default@2x.png in Resources */,
				DBD8933D16894FE8005C0B87 /* Default-568h@2x.png in Resources */,
				DBD8934016894FE8005C0B87 /* MainStoryboard.storyboard in Resources */,
				DB44867B168CF297002BEBF7 /* PrescTableCell.xib in Resources */,
				63F7BD4D169138E200EAE9A5 /* 89.jpg in Resources */,
				63F7BD4E169138E200EAE9A5 /* blank-clipboard-icon.jpg in Resources */,
				63F7BD4F169138E200EAE9A5 /* e-prescribe.jpg in Resources */,
				63F7BD50169138E200EAE9A5 /* medicine.jpg in Resources */,
				63F7BD531691441700EAE9A5 /* patient.jpg in Resources */,
				DB534DE71691860100225DE0 /* UserTableCell.xib in Resources */,
				DB67F50E16947A7F009097BD /* facebook-profile-picture.jpg in Resources */,
				63F7BD8B169A873C00EAE9A5 /* buttons.jpg in Resources */,
				63F7BD8C169A873C00EAE9A5 /* register.jpg in Resources */,
				63F7BD90169A882900EAE9A5 /* locate.jpg in Resources */,
				63F7BD91169A882900EAE9A5 /* prescription.jpg in Resources */,
				63F7BD92169A882900EAE9A5 /* Profile.jpg in Resources */,
				63F7BD97169A896B00EAE9A5 /* createProfile.jpg in Resources */,
				63F7BD98169A896B00EAE9A5 /* database.jpg in Resources */,
				63F7BD99169A896B00EAE9A5 /* find.jpg in Resources */,
				63F7BD9A169A896B00EAE9A5 /* makePrescription.jpg in Resources */,
				63F7BD9E169A89EB00EAE9A5 /* Create.jpg in Resources */,
				63F7BD9F169A89EB00EAE9A5 /* NP.jpg in Resources */,
				63F7BDA0169A89EB00EAE9A5 /* SAPatients.jpg in Resources */,
				63F7BDA3169A89F500EAE9A5 /* SearchBN.jpg in Resources */,
				63F7BDA4169A89F500EAE9A5 /* ViewPP.jpg in Resources */,
				DB743F17169A97AB004146DD /* zbar-back.png in Resources */,
				DB743F18169A97AB004146DD /* zbar-help.html in Resources */,
				DB743F19169A97AB004146DD /* zbar-helpicons.png in Resources */,
				DB743F1A169A97AB004146DD /* zbar-samples.png in Resources */,
				DB920423169BCFE700889D8E /* PharmaScribe-iOSicon.png in Resources */,
				DB7501CB169CCC490006A749 /* Drug_Pill.png in Resources */,
				DB7501CF169CD6800006A749 /* RefillsButton.png in Resources */,
				DB0D180B16A21833006ECCC7 /* Camera.png in Resources */,
				DB0D180C16A21833006ECCC7 /* Clipboard.png in Resources */,
				DB0D180D16A21833006ECCC7 /* Cross.png in Resources */,
				DB0D180E16A21833006ECCC7 /* Play.png in Resources */,
				DB0D180F16A21833006ECCC7 /* Profile.png in Resources */,
				DB28820116A45F4A00079D12 /* PSLogo114x114.png in Resources */,
				DB65F5A816AA5F4300EB6D19 /* 320x480.png in Resources */,
				DB65F5A916AA5F4300EB6D19 /* 640x960.png in Resources */,
				DB65F5AA16AA5F4300EB6D19 /* Launch-logo 640x1136.png in Resources */,
				DB65F5B016AA5FB100EB6D19 /* Default-568h@2x.png in Resources */,
				DB65F5B216AA5FC000EB6D19 /* Default@2x.png in Resources */,
				DB65F5B416AA5FDC00EB6D19 /* Default.png in Resources */,
			);
			runOnlyForDeploymentPostprocessing = 0;
		};
		DBD8934616894FE8005C0B87 /* Resources */ = {
			isa = PBXResourcesBuildPhase;
			buildActionMask = 2147483647;
			files = (
				DBD8935516894FE8005C0B87 /* InfoPlist.strings in Resources */,
			);
			runOnlyForDeploymentPostprocessing = 0;
		};
/* End PBXResourcesBuildPhase section */

/* Begin PBXShellScriptBuildPhase section */
		DBD8934716894FE8005C0B87 /* ShellScript */ = {
			isa = PBXShellScriptBuildPhase;
			buildActionMask = 2147483647;
			files = (
			);
			inputPaths = (
			);
			outputPaths = (
			);
			runOnlyForDeploymentPostprocessing = 0;
			shellPath = /bin/sh;
			shellScript = "# Run the unit tests in this test bundle.\n\"${SYSTEM_DEVELOPER_DIR}/Tools/RunUnitTests\"\n";
		};
/* End PBXShellScriptBuildPhase section */

/* Begin PBXSourcesBuildPhase section */
		DBD8931E16894FE8005C0B87 /* Sources */ = {
			isa = PBXSourcesBuildPhase;
			buildActionMask = 2147483647;
			files = (
				DBD8933316894FE8005C0B87 /* main.m in Sources */,
				DBD8933716894FE8005C0B87 /* AppDelegate.m in Sources */,
				DBD8934316894FE8005C0B87 /* ViewController.m in Sources */,
				DB710C2C168B89B60029847F /* MapSearchView.m in Sources */,
				DB710C54168BE4730029847F /* MyAnnotation.m in Sources */,
				DB710C58168BE5500029847F /* MapViewController.m in Sources */,
				DB710C68168BF07C0029847F /* GeoLocation.m in Sources */,
				DB448673168CE988002BEBF7 /* PrescViewController.m in Sources */,
				DB448679168CEAEC002BEBF7 /* PrescTableCell.m in Sources */,
				DB448681168D0D80002BEBF7 /* PrescTable.m in Sources */,
				91DADFDB168E49CB006F027F /* SetPrescription.m in Sources */,
				DBFF2C6C168FFBFD0002C403 /* UserVariables.m in Sources */,
				DB1C6A571690BA1D00D08169 /* LoginViewController.m in Sources */,
				DB1C6A671691522300D08169 /* PrescQRViewController.m in Sources */,
				DB1C6A7316916C8B00D08169 /* NewPatientProfileViewController.m in Sources */,
				DB534DE5169185C100225DE0 /* UserTableCell.m in Sources */,
				DB55417F169249BB00B31ADF /* PatListViewController.m in Sources */,
				DB67F51216947C2B009097BD /* PatientProfileViewController.m in Sources */,
				DB67F5151696802E009097BD /* MakePrescriptionViewController.m in Sources */,
				DB67F51C1697B97C009097BD /* PharmaHomeViewController.m in Sources */,
				DB67F5201697DA75009097BD /* FindUserViewController.m in Sources */,
				DBDC57F3169A29ED0088AC1B /* VerifyViewController.m in Sources */,
			);
			runOnlyForDeploymentPostprocessing = 0;
		};
		DBD8934416894FE8005C0B87 /* Sources */ = {
			isa = PBXSourcesBuildPhase;
			buildActionMask = 2147483647;
			files = (
				DBD8935816894FE8005C0B87 /* ProjectZeroTests.m in Sources */,
			);
			runOnlyForDeploymentPostprocessing = 0;
		};
/* End PBXSourcesBuildPhase section */

/* Begin PBXTargetDependency section */
		DBD8934F16894FE8005C0B87 /* PBXTargetDependency */ = {
			isa = PBXTargetDependency;
			target = DBD8932116894FE8005C0B87 /* ProjectZero */;
			targetProxy = DBD8934E16894FE8005C0B87 /* PBXContainerItemProxy */;
		};
/* End PBXTargetDependency section */

/* Begin PBXVariantGroup section */
		DBD8932F16894FE8005C0B87 /* InfoPlist.strings */ = {
			isa = PBXVariantGroup;
			children = (
				DBD8933016894FE8005C0B87 /* en */,
			);
			name = InfoPlist.strings;
			sourceTree = "<group>";
		};
		DBD8933E16894FE8005C0B87 /* MainStoryboard.storyboard */ = {
			isa = PBXVariantGroup;
			children = (
				DBD8933F16894FE8005C0B87 /* en */,
			);
			name = MainStoryboard.storyboard;
			sourceTree = "<group>";
		};
		DBD8935316894FE8005C0B87 /* InfoPlist.strings */ = {
			isa = PBXVariantGroup;
			children = (
				DBD8935416894FE8005C0B87 /* en */,
			);
			name = InfoPlist.strings;
			sourceTree = "<group>";
		};
/* End PBXVariantGroup section */

/* Begin XCBuildConfiguration section */
		DBD8935916894FE8005C0B87 /* Debug */ = {
			isa = XCBuildConfiguration;
			buildSettings = {
				ALWAYS_SEARCH_USER_PATHS = NO;
				CLANG_CXX_LANGUAGE_STANDARD = "gnu++0x";
				CLANG_CXX_LIBRARY = "libc++";
				CLANG_ENABLE_OBJC_ARC = YES;
				CLANG_WARN_EMPTY_BODY = YES;
				CLANG_WARN__DUPLICATE_METHOD_MATCH = YES;
				CODE_SIGN_IDENTITY = "iPhone Distribution: Weizhong Li";
				"CODE_SIGN_IDENTITY[sdk=iphoneos*]" = "iPhone Distribution: Weizhong Li";
				COPY_PHASE_STRIP = NO;
				GCC_C_LANGUAGE_STANDARD = gnu99;
				GCC_DYNAMIC_NO_PIC = NO;
				GCC_OPTIMIZATION_LEVEL = 0;
				GCC_PREPROCESSOR_DEFINITIONS = (
					"DEBUG=1",
					"$(inherited)",
				);
				GCC_SYMBOLS_PRIVATE_EXTERN = NO;
				GCC_WARN_ABOUT_RETURN_TYPE = YES;
				GCC_WARN_UNINITIALIZED_AUTOS = YES;
				GCC_WARN_UNUSED_VARIABLE = YES;
				IPHONEOS_DEPLOYMENT_TARGET = 6.0;
				ONLY_ACTIVE_ARCH = YES;
				PROVISIONING_PROFILE = "2241278B-13ED-4342-A53F-D8C90A6ED5CB";
				"PROVISIONING_PROFILE[sdk=iphoneos*]" = "2241278B-13ED-4342-A53F-D8C90A6ED5CB";
				SDKROOT = iphoneos;
			};
			name = Debug;
		};
		DBD8935A16894FE8005C0B87 /* Release */ = {
			isa = XCBuildConfiguration;
			buildSettings = {
				ALWAYS_SEARCH_USER_PATHS = NO;
				CLANG_CXX_LANGUAGE_STANDARD = "gnu++0x";
				CLANG_CXX_LIBRARY = "libc++";
				CLANG_ENABLE_OBJC_ARC = YES;
				CLANG_WARN_EMPTY_BODY = YES;
				CLANG_WARN__DUPLICATE_METHOD_MATCH = YES;
				CODE_SIGN_IDENTITY = "iPhone Distribution: Weizhong Li";
				"CODE_SIGN_IDENTITY[sdk=iphoneos*]" = "iPhone Distribution: Weizhong Li";
				COPY_PHASE_STRIP = YES;
				GCC_C_LANGUAGE_STANDARD = gnu99;
				GCC_WARN_ABOUT_RETURN_TYPE = YES;
				GCC_WARN_UNINITIALIZED_AUTOS = YES;
				GCC_WARN_UNUSED_VARIABLE = YES;
				IPHONEOS_DEPLOYMENT_TARGET = 6.0;
				OTHER_CFLAGS = "-DNS_BLOCK_ASSERTIONS=1";
				PROVISIONING_PROFILE = "2241278B-13ED-4342-A53F-D8C90A6ED5CB";
				"PROVISIONING_PROFILE[sdk=iphoneos*]" = "2241278B-13ED-4342-A53F-D8C90A6ED5CB";
				SDKROOT = iphoneos;
				VALIDATE_PRODUCT = YES;
			};
			name = Release;
		};
		DBD8935C16894FE8005C0B87 /* Debug */ = {
			isa = XCBuildConfiguration;
			buildSettings = {
				CODE_SIGN_IDENTITY = "iPhone Distribution: Weizhong Li";
				"CODE_SIGN_IDENTITY[sdk=iphoneos*]" = "iPhone Distribution: Weizhong Li";
				GCC_PRECOMPILE_PREFIX_HEADER = YES;
				GCC_PREFIX_HEADER = "ProjectZero/ProjectZero-Prefix.pch";
				INFOPLIST_FILE = "ProjectZero/ProjectZero-Info.plist";
				LIBRARY_SEARCH_PATHS = (
					"$(inherited)",
					"\"$(SRCROOT)/ZBarSDK\"",
				);
				PRODUCT_NAME = PharmaScribe;
				PROVISIONING_PROFILE = "2241278B-13ED-4342-A53F-D8C90A6ED5CB";
				"PROVISIONING_PROFILE[sdk=iphoneos*]" = "2241278B-13ED-4342-A53F-D8C90A6ED5CB";
				TARGETED_DEVICE_FAMILY = 1;
				WRAPPER_EXTENSION = app;
			};
			name = Debug;
		};
		DBD8935D16894FE8005C0B87 /* Release */ = {
			isa = XCBuildConfiguration;
			buildSettings = {
				CODE_SIGN_IDENTITY = "iPhone Distribution: Weizhong Li";
				"CODE_SIGN_IDENTITY[sdk=iphoneos*]" = "iPhone Distribution: Weizhong Li";
				GCC_PRECOMPILE_PREFIX_HEADER = YES;
				GCC_PREFIX_HEADER = "ProjectZero/ProjectZero-Prefix.pch";
				INFOPLIST_FILE = "ProjectZero/ProjectZero-Info.plist";
				LIBRARY_SEARCH_PATHS = (
					"$(inherited)",
					"\"$(SRCROOT)/ZBarSDK\"",
				);
				ONLY_ACTIVE_ARCH = YES;
				PRODUCT_NAME = PharmaScribe;
				PROVISIONING_PROFILE = "2241278B-13ED-4342-A53F-D8C90A6ED5CB";
				"PROVISIONING_PROFILE[sdk=iphoneos*]" = "2241278B-13ED-4342-A53F-D8C90A6ED5CB";
				TARGETED_DEVICE_FAMILY = 1;
				WRAPPER_EXTENSION = app;
			};
			name = Release;
		};
		DBD8935F16894FE8005C0B87 /* Debug */ = {
			isa = XCBuildConfiguration;
			buildSettings = {
				BUNDLE_LOADER = "$(BUILT_PRODUCTS_DIR)/ProjectZero.app/ProjectZero";
				FRAMEWORK_SEARCH_PATHS = (
					"\"$(SDKROOT)/Developer/Library/Frameworks\"",
					"\"$(DEVELOPER_LIBRARY_DIR)/Frameworks\"",
				);
				GCC_PRECOMPILE_PREFIX_HEADER = YES;
				GCC_PREFIX_HEADER = "ProjectZero/ProjectZero-Prefix.pch";
				INFOPLIST_FILE = "ProjectZeroTests/ProjectZeroTests-Info.plist";
				PRODUCT_NAME = "$(TARGET_NAME)";
				TEST_HOST = "$(BUNDLE_LOADER)";
				WRAPPER_EXTENSION = octest;
			};
			name = Debug;
		};
		DBD8936016894FE8005C0B87 /* Release */ = {
			isa = XCBuildConfiguration;
			buildSettings = {
				BUNDLE_LOADER = "$(BUILT_PRODUCTS_DIR)/ProjectZero.app/ProjectZero";
				FRAMEWORK_SEARCH_PATHS = (
					"\"$(SDKROOT)/Developer/Library/Frameworks\"",
					"\"$(DEVELOPER_LIBRARY_DIR)/Frameworks\"",
				);
				GCC_PRECOMPILE_PREFIX_HEADER = YES;
				GCC_PREFIX_HEADER = "ProjectZero/ProjectZero-Prefix.pch";
				INFOPLIST_FILE = "ProjectZeroTests/ProjectZeroTests-Info.plist";
				PRODUCT_NAME = "$(TARGET_NAME)";
				TEST_HOST = "$(BUNDLE_LOADER)";
				WRAPPER_EXTENSION = octest;
			};
			name = Release;
		};
/* End XCBuildConfiguration section */

/* Begin XCConfigurationList section */
		DBD8931C16894FE8005C0B87 /* Build configuration list for PBXProject "PharmaScribe" */ = {
			isa = XCConfigurationList;
			buildConfigurations = (
				DBD8935916894FE8005C0B87 /* Debug */,
				DBD8935A16894FE8005C0B87 /* Release */,
			);
			defaultConfigurationIsVisible = 0;
			defaultConfigurationName = Release;
		};
		DBD8935B16894FE8005C0B87 /* Build configuration list for PBXNativeTarget "ProjectZero" */ = {
			isa = XCConfigurationList;
			buildConfigurations = (
				DBD8935C16894FE8005C0B87 /* Debug */,
				DBD8935D16894FE8005C0B87 /* Release */,
			);
			defaultConfigurationIsVisible = 0;
			defaultConfigurationName = Release;
		};
		DBD8935E16894FE8005C0B87 /* Build configuration list for PBXNativeTarget "ProjectZeroTests" */ = {
			isa = XCConfigurationList;
			buildConfigurations = (
				DBD8935F16894FE8005C0B87 /* Debug */,
				DBD8936016894FE8005C0B87 /* Release */,
			);
			defaultConfigurationIsVisible = 0;
			defaultConfigurationName = Release;
		};
/* End XCConfigurationList section */
	};
	rootObject = DBD8931916894FE8005C0B87 /* Project object */;
}
